
Microsoft Visual Studio Solution File, Format Version 12.00
# Visual Studio Version 16
VisualStudioVersion = 16.0.29709.97
MinimumVisualStudioVersion = 10.0.40219.1
Project("{FAE04EC0-301F-11D3-BF4B-00C04F79EFBC}") = "Hexagons", "Hexagons\Hexagons.csproj", "{FF25F0B3-5C8C-439D-9D7C-72A8B5F5925C}"
EndProject
Global
	GlobalSection(SolutionConfigurationPlatforms) = preSolution
		Debug|Any CPU = Debug|Any CPU
		Release|Any CPU = Release|Any CPU
	EndGlobalSection
	GlobalSection(ProjectConfigurationPlatforms) = postSolution
		{FF25F0B3-5C8C-439D-9D7C-72A8B5F5925C}.Debug|Any CPU.ActiveCfg = Debug|Any CPU
		{FF25F0B3-5C8C-439D-9D7C-72A8B5F5925C}.Debug|Any CPU.Build.0 = Debug|Any CPU
		{FF25F0B3-5C8C-439D-9D7C-72A8B5F5925C}.Release|Any CPU.ActiveCfg = Release|Any CPU
		{FF25F0B3-5C8C-439D-9D7C-72A8B5F5925C}.Release|Any CPU.Build.0 = Release|Any CPU
	EndGlobalSection
	GlobalSection(SolutionProperties) = preSolution
		HideSolutionNode = FALSE
	EndGlobalSection
	GlobalSection(ExtensibilityGlobals) = postSolution
		SolutionGuid = {714834EB-B775-4D23-BAF0-CE8E6DC385F2}
	EndGlobalSection
EndGlobal
